
Microsoft Visual Studio Solution File, Format Version 12.00
Project("{FAE04EC0-301F-11D3-BF4B-00C04F79EFBC}") = "ColorTest", "ColorTest.csproj", "{CC552BB1-0DF5-4161-AA55-05646F003A32}"
EndProject
Global
	GlobalSection(SolutionConfigurationPlatforms) = preSolution
		Debug|Any CPU = Debug|Any CPU
		Release|Any CPU = Release|Any CPU
	EndGlobalSection
	GlobalSection(ProjectConfigurationPlatforms) = postSolution
		{CC552BB1-0DF5-4161-AA55-05646F003A32}.Debug|Any CPU.ActiveCfg = Debug|Any CPU
		{CC552BB1-0DF5-4161-AA55-05646F003A32}.Debug|Any CPU.Build.0 = Debug|Any CPU
		{CC552BB1-0DF5-4161-AA55-05646F003A32}.Release|Any CPU.ActiveCfg = Release|Any CPU
		{CC552BB1-0DF5-4161-AA55-05646F003A32}.Release|Any CPU.Build.0 = Release|Any CPU
	EndGlobalSection
EndGlobal
